// !$*UTF8*$!
{
	archiveVersion = 1;
	classes = {
	};
	objectVersion = 50;
	objects = {

/* Begin PBXBuildFile section */
		77016D6C22CE54A40084BC5F /* BusinessListViewCell.swift in Sources */ = {isa = PBXBuildFile; fileRef = 77016D6A22CE521A0084BC5F /* BusinessListViewCell.swift */; };
		7703281D22CE3DFD009F2D03 /* favouriteUnselected.png in Resources */ = {isa = PBXBuildFile; fileRef = 7703281B22CE3DFD009F2D03 /* favouriteUnselected.png */; };
		7703281E22CE3DFD009F2D03 /* favouriteSelected.png in Resources */ = {isa = PBXBuildFile; fileRef = 7703281C22CE3DFD009F2D03 /* favouriteSelected.png */; };
		7703282022CE426E009F2D03 /* BusinessGroupCareTaker.swift in Sources */ = {isa = PBXBuildFile; fileRef = 7703281F22CE426E009F2D03 /* BusinessGroupCareTaker.swift */; };
		77202D2D22C885E400870779 /* BusinessDetails.storyboard in Resources */ = {isa = PBXBuildFile; fileRef = 77202D2C22C885E400870779 /* BusinessDetails.storyboard */; };
		77202D2F22C8863500870779 /* BusinessDetailsViewModel.swift in Sources */ = {isa = PBXBuildFile; fileRef = 77202D2E22C8863500870779 /* BusinessDetailsViewModel.swift */; };
		77202D3122C88A2A00870779 /* BusinessDetailsCoordinator.swift in Sources */ = {isa = PBXBuildFile; fileRef = 77202D3022C88A2A00870779 /* BusinessDetailsCoordinator.swift */; };
		77202D3622C8BA1B00870779 /* AppObjectFactories.swift in Sources */ = {isa = PBXBuildFile; fileRef = 77202D3522C8BA1B00870779 /* AppObjectFactories.swift */; };
		775E61A822C59DBB00DAAF52 /* AppDelegate.swift in Sources */ = {isa = PBXBuildFile; fileRef = 775E61A722C59DBB00DAAF52 /* AppDelegate.swift */; };
		775E61AF22C59DBD00DAAF52 /* Assets.xcassets in Resources */ = {isa = PBXBuildFile; fileRef = 775E61AE22C59DBD00DAAF52 /* Assets.xcassets */; };
		775E61B222C59DBD00DAAF52 /* LaunchScreen.storyboard in Resources */ = {isa = PBXBuildFile; fileRef = 775E61B022C59DBD00DAAF52 /* LaunchScreen.storyboard */; };
		775E61BD22C59DBD00DAAF52 /* YelpApi_DILearningTests.swift in Sources */ = {isa = PBXBuildFile; fileRef = 775E61BC22C59DBD00DAAF52 /* YelpApi_DILearningTests.swift */; };
		775E61C822C59DBD00DAAF52 /* YelpApi_DILearningUITests.swift in Sources */ = {isa = PBXBuildFile; fileRef = 775E61C722C59DBD00DAAF52 /* YelpApi_DILearningUITests.swift */; };
		775E61D722C59E2F00DAAF52 /* YLPClient.swift in Sources */ = {isa = PBXBuildFile; fileRef = 775E61D622C59E2F00DAAF52 /* YLPClient.swift */; };
		775E61D922C5A51700DAAF52 /* YLPClient+Search.swift in Sources */ = {isa = PBXBuildFile; fileRef = 775E61D822C5A51700DAAF52 /* YLPClient+Search.swift */; };
		775E61DB22C5A6E900DAAF52 /* Result.swift in Sources */ = {isa = PBXBuildFile; fileRef = 775E61DA22C5A6E900DAAF52 /* Result.swift */; };
		775E61DF22C5ABB300DAAF52 /* SearchQuery.swift in Sources */ = {isa = PBXBuildFile; fileRef = 775E61DE22C5ABB300DAAF52 /* SearchQuery.swift */; };
		7782110022C75A1300E84540 /* YelpBusinessesGroup.swift in Sources */ = {isa = PBXBuildFile; fileRef = 778210FF22C75A1300E84540 /* YelpBusinessesGroup.swift */; };
		7782110522C76B4000E84540 /* BusinessDetailsViewController.swift in Sources */ = {isa = PBXBuildFile; fileRef = 7782110422C76B4000E84540 /* BusinessDetailsViewController.swift */; };
		7782110722C76C7100E84540 /* CategoriesListViewController.swift in Sources */ = {isa = PBXBuildFile; fileRef = 7782110622C76C7100E84540 /* CategoriesListViewController.swift */; };
		7782110922C76D1F00E84540 /* CategoriesListViewModel.swift in Sources */ = {isa = PBXBuildFile; fileRef = 7782110822C76D1F00E84540 /* CategoriesListViewModel.swift */; };
		7782110B22C76E8D00E84540 /* YLPClient+Categories.swift in Sources */ = {isa = PBXBuildFile; fileRef = 7782110A22C76E8D00E84540 /* YLPClient+Categories.swift */; };
		7782111022C7717200E84540 /* CategoriesGroup.swift in Sources */ = {isa = PBXBuildFile; fileRef = 7782110F22C7717200E84540 /* CategoriesGroup.swift */; };
		7782111322C7754600E84540 /* CategoriesListing.storyboard in Resources */ = {isa = PBXBuildFile; fileRef = 7782111222C7754600E84540 /* CategoriesListing.storyboard */; };
		7782111622C78ADC00E84540 /* CategoriesListCoordinator.swift in Sources */ = {isa = PBXBuildFile; fileRef = 7782111522C78ADC00E84540 /* CategoriesListCoordinator.swift */; };
		77958E2A22C6FD8D007CEEE6 /* Int+Conversions.swift in Sources */ = {isa = PBXBuildFile; fileRef = 77958E2922C6FD8D007CEEE6 /* Int+Conversions.swift */; };
		77AC0A8F22C84DD600DB41E6 /* BaseCoordinator.swift in Sources */ = {isa = PBXBuildFile; fileRef = 77AC0A8E22C84DD500DB41E6 /* BaseCoordinator.swift */; };
		77AC0A9122C84E2D00DB41E6 /* AppCoordinator.swift in Sources */ = {isa = PBXBuildFile; fileRef = 77AC0A9022C84E2D00DB41E6 /* AppCoordinator.swift */; };
		77AC0A9322C84F3F00DB41E6 /* StoryboardInitializable.swift in Sources */ = {isa = PBXBuildFile; fileRef = 77AC0A9222C84F3F00DB41E6 /* StoryboardInitializable.swift */; };
		77AC0A9522C8541C00DB41E6 /* BusinessesListViewController.swift in Sources */ = {isa = PBXBuildFile; fileRef = 77AC0A9422C8541C00DB41E6 /* BusinessesListViewController.swift */; };
		77AC0A9722C8544200DB41E6 /* BusinessesListViewModel.swift in Sources */ = {isa = PBXBuildFile; fileRef = 77AC0A9622C8544200DB41E6 /* BusinessesListViewModel.swift */; };
		77AC0A9922C857A000DB41E6 /* BusinessesListCoordinator.swift in Sources */ = {isa = PBXBuildFile; fileRef = 77AC0A9822C857A000DB41E6 /* BusinessesListCoordinator.swift */; };
		77AC0A9B22C857E300DB41E6 /* BusinessesList.storyboard in Resources */ = {isa = PBXBuildFile; fileRef = 77AC0A9A22C857E300DB41E6 /* BusinessesList.storyboard */; };
		77F5262122CD9737000A5549 /* DiskCareTaker.swift in Sources */ = {isa = PBXBuildFile; fileRef = 77F5262022CD9737000A5549 /* DiskCareTaker.swift */; };
		77F5262322CDA599000A5549 /* BusinessAdapter.swift in Sources */ = {isa = PBXBuildFile; fileRef = 77F5262222CDA599000A5549 /* BusinessAdapter.swift */; };
		77F5262522CDA5C9000A5549 /* Business.swift in Sources */ = {isa = PBXBuildFile; fileRef = 77F5262422CDA5C9000A5549 /* Business.swift */; };
		77FE837B22C5BE1300A47523 /* Double+ToString.swift in Sources */ = {isa = PBXBuildFile; fileRef = 77FE837A22C5BE1300A47523 /* Double+ToString.swift */; };
		7FF96D136DDDBDF2FF557255 /* Pods_YelpApi_DILearning.framework in Frameworks */ = {isa = PBXBuildFile; fileRef = 4ABFC9A9776E9B4C2721CDA7 /* Pods_YelpApi_DILearning.framework */; };
		8F37AA960D2BD1FBF406101E /* Pods_YelpApi_DILearningTests.framework in Frameworks */ = {isa = PBXBuildFile; fileRef = 0B910D3008C9A97794DB45F7 /* Pods_YelpApi_DILearningTests.framework */; };
		E09F7971A724B206AA2CBF92 /* Pods_YelpApi_DILearningUITests.framework in Frameworks */ = {isa = PBXBuildFile; fileRef = 16A14667CE4F704A3E85FD8D /* Pods_YelpApi_DILearningUITests.framework */; };
/* End PBXBuildFile section */

/* Begin PBXContainerItemProxy section */
		775E61B922C59DBD00DAAF52 /* PBXContainerItemProxy */ = {
			isa = PBXContainerItemProxy;
			containerPortal = 775E619C22C59DBB00DAAF52 /* Project object */;
			proxyType = 1;
			remoteGlobalIDString = 775E61A322C59DBB00DAAF52;
			remoteInfo = "YelpApi-DILearning";
		};
		775E61C422C59DBD00DAAF52 /* PBXContainerItemProxy */ = {
			isa = PBXContainerItemProxy;
			containerPortal = 775E619C22C59DBB00DAAF52 /* Project object */;
			proxyType = 1;
			remoteGlobalIDString = 775E61A322C59DBB00DAAF52;
			remoteInfo = "YelpApi-DILearning";
		};
/* End PBXContainerItemProxy section */

/* Begin PBXFileReference section */
		0B910D3008C9A97794DB45F7 /* Pods_YelpApi_DILearningTests.framework */ = {isa = PBXFileReference; explicitFileType = wrapper.framework; includeInIndex = 0; path = Pods_YelpApi_DILearningTests.framework; sourceTree = BUILT_PRODUCTS_DIR; };
		16A14667CE4F704A3E85FD8D /* Pods_YelpApi_DILearningUITests.framework */ = {isa = PBXFileReference; explicitFileType = wrapper.framework; includeInIndex = 0; path = Pods_YelpApi_DILearningUITests.framework; sourceTree = BUILT_PRODUCTS_DIR; };
		182DF74370FE5EE57B523E35 /* Pods-YelpApi-DILearning.release.xcconfig */ = {isa = PBXFileReference; includeInIndex = 1; lastKnownFileType = text.xcconfig; name = "Pods-YelpApi-DILearning.release.xcconfig"; path = "Target Support Files/Pods-YelpApi-DILearning/Pods-YelpApi-DILearning.release.xcconfig"; sourceTree = "<group>"; };
		29A9E6048735802EB2102BD3 /* Pods-YelpApi-DILearning.debug.xcconfig */ = {isa = PBXFileReference; includeInIndex = 1; lastKnownFileType = text.xcconfig; name = "Pods-YelpApi-DILearning.debug.xcconfig"; path = "Target Support Files/Pods-YelpApi-DILearning/Pods-YelpApi-DILearning.debug.xcconfig"; sourceTree = "<group>"; };
		3AC2CC26D60BDF67C1651E02 /* Pods-YelpApi-DILearningUITests.release.xcconfig */ = {isa = PBXFileReference; includeInIndex = 1; lastKnownFileType = text.xcconfig; name = "Pods-YelpApi-DILearningUITests.release.xcconfig"; path = "Target Support Files/Pods-YelpApi-DILearningUITests/Pods-YelpApi-DILearningUITests.release.xcconfig"; sourceTree = "<group>"; };
		4ABFC9A9776E9B4C2721CDA7 /* Pods_YelpApi_DILearning.framework */ = {isa = PBXFileReference; explicitFileType = wrapper.framework; includeInIndex = 0; path = Pods_YelpApi_DILearning.framework; sourceTree = BUILT_PRODUCTS_DIR; };
		5E04D817FC283CD3926C4913 /* Pods-YelpApi-DILearningTests.release.xcconfig */ = {isa = PBXFileReference; includeInIndex = 1; lastKnownFileType = text.xcconfig; name = "Pods-YelpApi-DILearningTests.release.xcconfig"; path = "Target Support Files/Pods-YelpApi-DILearningTests/Pods-YelpApi-DILearningTests.release.xcconfig"; sourceTree = "<group>"; };
		7395DC872FAF49C7B36D1A4D /* Pods-YelpApi-DILearningTests.debug.xcconfig */ = {isa = PBXFileReference; includeInIndex = 1; lastKnownFileType = text.xcconfig; name = "Pods-YelpApi-DILearningTests.debug.xcconfig"; path = "Target Support Files/Pods-YelpApi-DILearningTests/Pods-YelpApi-DILearningTests.debug.xcconfig"; sourceTree = "<group>"; };
		77016D6A22CE521A0084BC5F /* BusinessListViewCell.swift */ = {isa = PBXFileReference; lastKnownFileType = sourcecode.swift; path = BusinessListViewCell.swift; sourceTree = "<group>"; };
		7703281B22CE3DFD009F2D03 /* favouriteUnselected.png */ = {isa = PBXFileReference; lastKnownFileType = image.png; path = favouriteUnselected.png; sourceTree = "<group>"; };
		7703281C22CE3DFD009F2D03 /* favouriteSelected.png */ = {isa = PBXFileReference; lastKnownFileType = image.png; path = favouriteSelected.png; sourceTree = "<group>"; };
		7703281F22CE426E009F2D03 /* BusinessGroupCareTaker.swift */ = {isa = PBXFileReference; lastKnownFileType = sourcecode.swift; path = BusinessGroupCareTaker.swift; sourceTree = "<group>"; };
		77202D2C22C885E400870779 /* BusinessDetails.storyboard */ = {isa = PBXFileReference; lastKnownFileType = file.storyboard; path = BusinessDetails.storyboard; sourceTree = "<group>"; };
		77202D2E22C8863500870779 /* BusinessDetailsViewModel.swift */ = {isa = PBXFileReference; lastKnownFileType = sourcecode.swift; path = BusinessDetailsViewModel.swift; sourceTree = "<group>"; };
		77202D3022C88A2A00870779 /* BusinessDetailsCoordinator.swift */ = {isa = PBXFileReference; lastKnownFileType = sourcecode.swift; path = BusinessDetailsCoordinator.swift; sourceTree = "<group>"; };
		77202D3522C8BA1B00870779 /* AppObjectFactories.swift */ = {isa = PBXFileReference; lastKnownFileType = sourcecode.swift; path = AppObjectFactories.swift; sourceTree = "<group>"; };
		775E61A422C59DBB00DAAF52 /* YelpApi-DILearning.app */ = {isa = PBXFileReference; explicitFileType = wrapper.application; includeInIndex = 0; path = "YelpApi-DILearning.app"; sourceTree = BUILT_PRODUCTS_DIR; };
		775E61A722C59DBB00DAAF52 /* AppDelegate.swift */ = {isa = PBXFileReference; lastKnownFileType = sourcecode.swift; path = AppDelegate.swift; sourceTree = "<group>"; };
		775E61AE22C59DBD00DAAF52 /* Assets.xcassets */ = {isa = PBXFileReference; lastKnownFileType = folder.assetcatalog; path = Assets.xcassets; sourceTree = "<group>"; };
		775E61B122C59DBD00DAAF52 /* Base */ = {isa = PBXFileReference; lastKnownFileType = file.storyboard; name = Base; path = Base.lproj/LaunchScreen.storyboard; sourceTree = "<group>"; };
		775E61B322C59DBD00DAAF52 /* Info.plist */ = {isa = PBXFileReference; lastKnownFileType = text.plist.xml; path = Info.plist; sourceTree = "<group>"; };
		775E61B822C59DBD00DAAF52 /* YelpApi-DILearningTests.xctest */ = {isa = PBXFileReference; explicitFileType = wrapper.cfbundle; includeInIndex = 0; path = "YelpApi-DILearningTests.xctest"; sourceTree = BUILT_PRODUCTS_DIR; };
		775E61BC22C59DBD00DAAF52 /* YelpApi_DILearningTests.swift */ = {isa = PBXFileReference; lastKnownFileType = sourcecode.swift; path = YelpApi_DILearningTests.swift; sourceTree = "<group>"; };
		775E61BE22C59DBD00DAAF52 /* Info.plist */ = {isa = PBXFileReference; lastKnownFileType = text.plist.xml; path = Info.plist; sourceTree = "<group>"; };
		775E61C322C59DBD00DAAF52 /* YelpApi-DILearningUITests.xctest */ = {isa = PBXFileReference; explicitFileType = wrapper.cfbundle; includeInIndex = 0; path = "YelpApi-DILearningUITests.xctest"; sourceTree = BUILT_PRODUCTS_DIR; };
		775E61C722C59DBD00DAAF52 /* YelpApi_DILearningUITests.swift */ = {isa = PBXFileReference; lastKnownFileType = sourcecode.swift; path = YelpApi_DILearningUITests.swift; sourceTree = "<group>"; };
		775E61C922C59DBD00DAAF52 /* Info.plist */ = {isa = PBXFileReference; lastKnownFileType = text.plist.xml; path = Info.plist; sourceTree = "<group>"; };
		775E61D622C59E2F00DAAF52 /* YLPClient.swift */ = {isa = PBXFileReference; lastKnownFileType = sourcecode.swift; path = YLPClient.swift; sourceTree = "<group>"; };
		775E61D822C5A51700DAAF52 /* YLPClient+Search.swift */ = {isa = PBXFileReference; lastKnownFileType = sourcecode.swift; path = "YLPClient+Search.swift"; sourceTree = "<group>"; };
		775E61DA22C5A6E900DAAF52 /* Result.swift */ = {isa = PBXFileReference; lastKnownFileType = sourcecode.swift; path = Result.swift; sourceTree = "<group>"; };
		775E61DE22C5ABB300DAAF52 /* SearchQuery.swift */ = {isa = PBXFileReference; lastKnownFileType = sourcecode.swift; path = SearchQuery.swift; sourceTree = "<group>"; };
		778210FF22C75A1300E84540 /* YelpBusinessesGroup.swift */ = {isa = PBXFileReference; lastKnownFileType = sourcecode.swift; path = YelpBusinessesGroup.swift; sourceTree = "<group>"; };
		7782110422C76B4000E84540 /* BusinessDetailsViewController.swift */ = {isa = PBXFileReference; lastKnownFileType = sourcecode.swift; path = BusinessDetailsViewController.swift; sourceTree = "<group>"; };
		7782110622C76C7100E84540 /* CategoriesListViewController.swift */ = {isa = PBXFileReference; lastKnownFileType = sourcecode.swift; path = CategoriesListViewController.swift; sourceTree = "<group>"; };
		7782110822C76D1F00E84540 /* CategoriesListViewModel.swift */ = {isa = PBXFileReference; lastKnownFileType = sourcecode.swift; path = CategoriesListViewModel.swift; sourceTree = "<group>"; };
		7782110A22C76E8D00E84540 /* YLPClient+Categories.swift */ = {isa = PBXFileReference; lastKnownFileType = sourcecode.swift; path = "YLPClient+Categories.swift"; sourceTree = "<group>"; };
		7782110F22C7717200E84540 /* CategoriesGroup.swift */ = {isa = PBXFileReference; lastKnownFileType = sourcecode.swift; path = CategoriesGroup.swift; sourceTree = "<group>"; };
		7782111222C7754600E84540 /* CategoriesListing.storyboard */ = {isa = PBXFileReference; lastKnownFileType = file.storyboard; path = CategoriesListing.storyboard; sourceTree = "<group>"; };
		7782111522C78ADC00E84540 /* CategoriesListCoordinator.swift */ = {isa = PBXFileReference; lastKnownFileType = sourcecode.swift; path = CategoriesListCoordinator.swift; sourceTree = "<group>"; };
		77958E2922C6FD8D007CEEE6 /* Int+Conversions.swift */ = {isa = PBXFileReference; lastKnownFileType = sourcecode.swift; path = "Int+Conversions.swift"; sourceTree = "<group>"; };
		77AC0A8E22C84DD500DB41E6 /* BaseCoordinator.swift */ = {isa = PBXFileReference; fileEncoding = 4; lastKnownFileType = sourcecode.swift; path = BaseCoordinator.swift; sourceTree = "<group>"; };
		77AC0A9022C84E2D00DB41E6 /* AppCoordinator.swift */ = {isa = PBXFileReference; lastKnownFileType = sourcecode.swift; path = AppCoordinator.swift; sourceTree = "<group>"; };
		77AC0A9222C84F3F00DB41E6 /* StoryboardInitializable.swift */ = {isa = PBXFileReference; lastKnownFileType = sourcecode.swift; path = StoryboardInitializable.swift; sourceTree = "<group>"; };
		77AC0A9422C8541C00DB41E6 /* BusinessesListViewController.swift */ = {isa = PBXFileReference; lastKnownFileType = sourcecode.swift; path = BusinessesListViewController.swift; sourceTree = "<group>"; };
		77AC0A9622C8544200DB41E6 /* BusinessesListViewModel.swift */ = {isa = PBXFileReference; lastKnownFileType = sourcecode.swift; path = BusinessesListViewModel.swift; sourceTree = "<group>"; };
		77AC0A9822C857A000DB41E6 /* BusinessesListCoordinator.swift */ = {isa = PBXFileReference; lastKnownFileType = sourcecode.swift; path = BusinessesListCoordinator.swift; sourceTree = "<group>"; };
		77AC0A9A22C857E300DB41E6 /* BusinessesList.storyboard */ = {isa = PBXFileReference; lastKnownFileType = file.storyboard; path = BusinessesList.storyboard; sourceTree = "<group>"; };
		77F5262022CD9737000A5549 /* DiskCareTaker.swift */ = {isa = PBXFileReference; lastKnownFileType = sourcecode.swift; path = DiskCareTaker.swift; sourceTree = "<group>"; };
		77F5262222CDA599000A5549 /* BusinessAdapter.swift */ = {isa = PBXFileReference; lastKnownFileType = sourcecode.swift; path = BusinessAdapter.swift; sourceTree = "<group>"; };
		77F5262422CDA5C9000A5549 /* Business.swift */ = {isa = PBXFileReference; lastKnownFileType = sourcecode.swift; path = Business.swift; sourceTree = "<group>"; };
		77FE837A22C5BE1300A47523 /* Double+ToString.swift */ = {isa = PBXFileReference; lastKnownFileType = sourcecode.swift; path = "Double+ToString.swift"; sourceTree = "<group>"; };
		E38320329351AA10E43D8ACD /* Pods-YelpApi-DILearningUITests.debug.xcconfig */ = {isa = PBXFileReference; includeInIndex = 1; lastKnownFileType = text.xcconfig; name = "Pods-YelpApi-DILearningUITests.debug.xcconfig"; path = "Target Support Files/Pods-YelpApi-DILearningUITests/Pods-YelpApi-DILearningUITests.debug.xcconfig"; sourceTree = "<group>"; };
/* End PBXFileReference section */

/* Begin PBXFrameworksBuildPhase section */
		775E61A122C59DBB00DAAF52 /* Frameworks */ = {
			isa = PBXFrameworksBuildPhase;
			buildActionMask = 2147483647;
			files = (
				7FF96D136DDDBDF2FF557255 /* Pods_YelpApi_DILearning.framework in Frameworks */,
			);
			runOnlyForDeploymentPostprocessing = 0;
		};
		775E61B522C59DBD00DAAF52 /* Frameworks */ = {
			isa = PBXFrameworksBuildPhase;
			buildActionMask = 2147483647;
			files = (
				8F37AA960D2BD1FBF406101E /* Pods_YelpApi_DILearningTests.framework in Frameworks */,
			);
			runOnlyForDeploymentPostprocessing = 0;
		};
		775E61C022C59DBD00DAAF52 /* Frameworks */ = {
			isa = PBXFrameworksBuildPhase;
			buildActionMask = 2147483647;
			files = (
				E09F7971A724B206AA2CBF92 /* Pods_YelpApi_DILearningUITests.framework in Frameworks */,
			);
			runOnlyForDeploymentPostprocessing = 0;
		};
/* End PBXFrameworksBuildPhase section */

/* Begin PBXGroup section */
		66ADFD9742AA2ED9BF9087DB /* Pods */ = {
			isa = PBXGroup;
			children = (
				29A9E6048735802EB2102BD3 /* Pods-YelpApi-DILearning.debug.xcconfig */,
				182DF74370FE5EE57B523E35 /* Pods-YelpApi-DILearning.release.xcconfig */,
				7395DC872FAF49C7B36D1A4D /* Pods-YelpApi-DILearningTests.debug.xcconfig */,
				5E04D817FC283CD3926C4913 /* Pods-YelpApi-DILearningTests.release.xcconfig */,
				E38320329351AA10E43D8ACD /* Pods-YelpApi-DILearningUITests.debug.xcconfig */,
				3AC2CC26D60BDF67C1651E02 /* Pods-YelpApi-DILearningUITests.release.xcconfig */,
			);
			path = Pods;
			sourceTree = "<group>";
		};
		775E619B22C59DBB00DAAF52 = {
			isa = PBXGroup;
			children = (
				775E61A622C59DBB00DAAF52 /* YelpApi-DILearning */,
				775E61BB22C59DBD00DAAF52 /* YelpApi-DILearningTests */,
				775E61C622C59DBD00DAAF52 /* YelpApi-DILearningUITests */,
				775E61A522C59DBB00DAAF52 /* Products */,
				66ADFD9742AA2ED9BF9087DB /* Pods */,
				FE01605A82A1231867DFE76F /* Frameworks */,
			);
			sourceTree = "<group>";
		};
		775E61A522C59DBB00DAAF52 /* Products */ = {
			isa = PBXGroup;
			children = (
				775E61A422C59DBB00DAAF52 /* YelpApi-DILearning.app */,
				775E61B822C59DBD00DAAF52 /* YelpApi-DILearningTests.xctest */,
				775E61C322C59DBD00DAAF52 /* YelpApi-DILearningUITests.xctest */,
			);
			name = Products;
			sourceTree = "<group>";
		};
		775E61A622C59DBB00DAAF52 /* YelpApi-DILearning */ = {
			isa = PBXGroup;
			children = (
				7703281C22CE3DFD009F2D03 /* favouriteSelected.png */,
				7703281B22CE3DFD009F2D03 /* favouriteUnselected.png */,
				77F5261F22CD9724000A5549 /* CareTakers */,
				778C19AB22CC4324003038AA /* Extensions */,
				7782111422C78AC800E84540 /* Coordinators */,
				7782111122C7752500E84540 /* Views */,
				7782110E22C7715700E84540 /* Services */,
				7782110C22C7713000E84540 /* Model */,
				7782110322C7676200E84540 /* ViewController */,
				7782110222C7675A00E84540 /* ViewModel */,
				77AC0A9222C84F3F00DB41E6 /* StoryboardInitializable.swift */,
				77202D3522C8BA1B00870779 /* AppObjectFactories.swift */,
				775E61A722C59DBB00DAAF52 /* AppDelegate.swift */,
				775E61AE22C59DBD00DAAF52 /* Assets.xcassets */,
				775E61B022C59DBD00DAAF52 /* LaunchScreen.storyboard */,
				775E61B322C59DBD00DAAF52 /* Info.plist */,
				77F5262222CDA599000A5549 /* BusinessAdapter.swift */,
			);
			path = "YelpApi-DILearning";
			sourceTree = "<group>";
		};
		775E61BB22C59DBD00DAAF52 /* YelpApi-DILearningTests */ = {
			isa = PBXGroup;
			children = (
				775E61BC22C59DBD00DAAF52 /* YelpApi_DILearningTests.swift */,
				775E61BE22C59DBD00DAAF52 /* Info.plist */,
			);
			path = "YelpApi-DILearningTests";
			sourceTree = "<group>";
		};
		775E61C622C59DBD00DAAF52 /* YelpApi-DILearningUITests */ = {
			isa = PBXGroup;
			children = (
				775E61C722C59DBD00DAAF52 /* YelpApi_DILearningUITests.swift */,
				775E61C922C59DBD00DAAF52 /* Info.plist */,
			);
			path = "YelpApi-DILearningUITests";
			sourceTree = "<group>";
		};
		7782110222C7675A00E84540 /* ViewModel */ = {
			isa = PBXGroup;
			children = (
				7782110822C76D1F00E84540 /* CategoriesListViewModel.swift */,
				77AC0A9622C8544200DB41E6 /* BusinessesListViewModel.swift */,
				77202D2E22C8863500870779 /* BusinessDetailsViewModel.swift */,
			);
			path = ViewModel;
			sourceTree = "<group>";
		};
		7782110322C7676200E84540 /* ViewController */ = {
			isa = PBXGroup;
			children = (
				7782110422C76B4000E84540 /* BusinessDetailsViewController.swift */,
				7782110622C76C7100E84540 /* CategoriesListViewController.swift */,
				77AC0A9422C8541C00DB41E6 /* BusinessesListViewController.swift */,
			);
			path = ViewController;
			sourceTree = "<group>";
		};
		7782110C22C7713000E84540 /* Model */ = {
			isa = PBXGroup;
			children = (
				775E61DA22C5A6E900DAAF52 /* Result.swift */,
				775E61DE22C5ABB300DAAF52 /* SearchQuery.swift */,
				7782110F22C7717200E84540 /* CategoriesGroup.swift */,
				778210FF22C75A1300E84540 /* YelpBusinessesGroup.swift */,
				77F5262422CDA5C9000A5549 /* Business.swift */,
			);
			path = Model;
			sourceTree = "<group>";
		};
		7782110E22C7715700E84540 /* Services */ = {
			isa = PBXGroup;
			children = (
				7782110A22C76E8D00E84540 /* YLPClient+Categories.swift */,
				775E61D622C59E2F00DAAF52 /* YLPClient.swift */,
				775E61D822C5A51700DAAF52 /* YLPClient+Search.swift */,
			);
			path = Services;
			sourceTree = "<group>";
		};
		7782111122C7752500E84540 /* Views */ = {
			isa = PBXGroup;
			children = (
				7782111222C7754600E84540 /* CategoriesListing.storyboard */,
				77AC0A9A22C857E300DB41E6 /* BusinessesList.storyboard */,
				77202D2C22C885E400870779 /* BusinessDetails.storyboard */,
				77016D6A22CE521A0084BC5F /* BusinessListViewCell.swift */,
			);
			path = Views;
			sourceTree = "<group>";
		};
		7782111422C78AC800E84540 /* Coordinators */ = {
			isa = PBXGroup;
			children = (
				77AC0A9022C84E2D00DB41E6 /* AppCoordinator.swift */,
				77AC0A8E22C84DD500DB41E6 /* BaseCoordinator.swift */,
				7782111522C78ADC00E84540 /* CategoriesListCoordinator.swift */,
				77AC0A9822C857A000DB41E6 /* BusinessesListCoordinator.swift */,
				77202D3022C88A2A00870779 /* BusinessDetailsCoordinator.swift */,
			);
			path = Coordinators;
			sourceTree = "<group>";
		};
		778C19AB22CC4324003038AA /* Extensions */ = {
			isa = PBXGroup;
			children = (
				77FE837A22C5BE1300A47523 /* Double+ToString.swift */,
				77958E2922C6FD8D007CEEE6 /* Int+Conversions.swift */,
			);
			path = Extensions;
			sourceTree = "<group>";
		};
		77F5261F22CD9724000A5549 /* CareTakers */ = {
			isa = PBXGroup;
			children = (
				77F5262022CD9737000A5549 /* DiskCareTaker.swift */,
				7703281F22CE426E009F2D03 /* BusinessGroupCareTaker.swift */,
			);
			path = CareTakers;
			sourceTree = "<group>";
		};
		FE01605A82A1231867DFE76F /* Frameworks */ = {
			isa = PBXGroup;
			children = (
				4ABFC9A9776E9B4C2721CDA7 /* Pods_YelpApi_DILearning.framework */,
				0B910D3008C9A97794DB45F7 /* Pods_YelpApi_DILearningTests.framework */,
				16A14667CE4F704A3E85FD8D /* Pods_YelpApi_DILearningUITests.framework */,
			);
			name = Frameworks;
			sourceTree = "<group>";
		};
/* End PBXGroup section */

/* Begin PBXNativeTarget section */
		775E61A322C59DBB00DAAF52 /* YelpApi-DILearning */ = {
			isa = PBXNativeTarget;
			buildConfigurationList = 775E61CC22C59DBD00DAAF52 /* Build configuration list for PBXNativeTarget "YelpApi-DILearning" */;
			buildPhases = (
				BBAC85A8DA34E7F5EACCBC07 /* [CP] Check Pods Manifest.lock */,
				775E61A022C59DBB00DAAF52 /* Sources */,
				775E61A122C59DBB00DAAF52 /* Frameworks */,
				775E61A222C59DBB00DAAF52 /* Resources */,
				DBB0D08D7EC5EA86949817EE /* [CP] Embed Pods Frameworks */,
			);
			buildRules = (
			);
			dependencies = (
			);
			name = "YelpApi-DILearning";
			productName = "YelpApi-DILearning";
			productReference = 775E61A422C59DBB00DAAF52 /* YelpApi-DILearning.app */;
			productType = "com.apple.product-type.application";
		};
		775E61B722C59DBD00DAAF52 /* YelpApi-DILearningTests */ = {
			isa = PBXNativeTarget;
			buildConfigurationList = 775E61CF22C59DBD00DAAF52 /* Build configuration list for PBXNativeTarget "YelpApi-DILearningTests" */;
			buildPhases = (
				279B3385943230079B7D27DB /* [CP] Check Pods Manifest.lock */,
				775E61B422C59DBD00DAAF52 /* Sources */,
				775E61B522C59DBD00DAAF52 /* Frameworks */,
				775E61B622C59DBD00DAAF52 /* Resources */,
			);
			buildRules = (
			);
			dependencies = (
				775E61BA22C59DBD00DAAF52 /* PBXTargetDependency */,
			);
			name = "YelpApi-DILearningTests";
			productName = "YelpApi-DILearningTests";
			productReference = 775E61B822C59DBD00DAAF52 /* YelpApi-DILearningTests.xctest */;
			productType = "com.apple.product-type.bundle.unit-test";
		};
		775E61C222C59DBD00DAAF52 /* YelpApi-DILearningUITests */ = {
			isa = PBXNativeTarget;
			buildConfigurationList = 775E61D222C59DBD00DAAF52 /* Build configuration list for PBXNativeTarget "YelpApi-DILearningUITests" */;
			buildPhases = (
				B497119F4F904D9A072CCA42 /* [CP] Check Pods Manifest.lock */,
				775E61BF22C59DBD00DAAF52 /* Sources */,
				775E61C022C59DBD00DAAF52 /* Frameworks */,
				775E61C122C59DBD00DAAF52 /* Resources */,
			);
			buildRules = (
			);
			dependencies = (
				775E61C522C59DBD00DAAF52 /* PBXTargetDependency */,
			);
			name = "YelpApi-DILearningUITests";
			productName = "YelpApi-DILearningUITests";
			productReference = 775E61C322C59DBD00DAAF52 /* YelpApi-DILearningUITests.xctest */;
			productType = "com.apple.product-type.bundle.ui-testing";
		};
/* End PBXNativeTarget section */

/* Begin PBXProject section */
		775E619C22C59DBB00DAAF52 /* Project object */ = {
			isa = PBXProject;
			attributes = {
				LastSwiftUpdateCheck = 1010;
				LastUpgradeCheck = 1010;
				ORGANIZATIONNAME = "Karthick Ramasamy";
				TargetAttributes = {
					775E61A322C59DBB00DAAF52 = {
						CreatedOnToolsVersion = 10.1;
					};
					775E61B722C59DBD00DAAF52 = {
						CreatedOnToolsVersion = 10.1;
						TestTargetID = 775E61A322C59DBB00DAAF52;
					};
					775E61C222C59DBD00DAAF52 = {
						CreatedOnToolsVersion = 10.1;
						TestTargetID = 775E61A322C59DBB00DAAF52;
					};
				};
			};
			buildConfigurationList = 775E619F22C59DBB00DAAF52 /* Build configuration list for PBXProject "YelpApi-DILearning" */;
			compatibilityVersion = "Xcode 9.3";
			developmentRegion = en;
			hasScannedForEncodings = 0;
			knownRegions = (
				en,
				Base,
			);
			mainGroup = 775E619B22C59DBB00DAAF52;
			productRefGroup = 775E61A522C59DBB00DAAF52 /* Products */;
			projectDirPath = "";
			projectRoot = "";
			targets = (
				775E61A322C59DBB00DAAF52 /* YelpApi-DILearning */,
				775E61B722C59DBD00DAAF52 /* YelpApi-DILearningTests */,
				775E61C222C59DBD00DAAF52 /* YelpApi-DILearningUITests */,
			);
		};
/* End PBXProject section */

/* Begin PBXResourcesBuildPhase section */
		775E61A222C59DBB00DAAF52 /* Resources */ = {
			isa = PBXResourcesBuildPhase;
			buildActionMask = 2147483647;
			files = (
				77AC0A9B22C857E300DB41E6 /* BusinessesList.storyboard in Resources */,
				775E61B222C59DBD00DAAF52 /* LaunchScreen.storyboard in Resources */,
				775E61AF22C59DBD00DAAF52 /* Assets.xcassets in Resources */,
				7782111322C7754600E84540 /* CategoriesListing.storyboard in Resources */,
				77202D2D22C885E400870779 /* BusinessDetails.storyboard in Resources */,
				7703281E22CE3DFD009F2D03 /* favouriteSelected.png in Resources */,
				7703281D22CE3DFD009F2D03 /* favouriteUnselected.png in Resources */,
			);
			runOnlyForDeploymentPostprocessing = 0;
		};
		775E61B622C59DBD00DAAF52 /* Resources */ = {
			isa = PBXResourcesBuildPhase;
			buildActionMask = 2147483647;
			files = (
			);
			runOnlyForDeploymentPostprocessing = 0;
		};
		775E61C122C59DBD00DAAF52 /* Resources */ = {
			isa = PBXResourcesBuildPhase;
			buildActionMask = 2147483647;
			files = (
			);
			runOnlyForDeploymentPostprocessing = 0;
		};
/* End PBXResourcesBuildPhase section */

/* Begin PBXShellScriptBuildPhase section */
		279B3385943230079B7D27DB /* [CP] Check Pods Manifest.lock */ = {
			isa = PBXShellScriptBuildPhase;
			buildActionMask = 2147483647;
			files = (
			);
			inputFileListPaths = (
			);
			inputPaths = (
				"${PODS_PODFILE_DIR_PATH}/Podfile.lock",
				"${PODS_ROOT}/Manifest.lock",
			);
			name = "[CP] Check Pods Manifest.lock";
			outputFileListPaths = (
			);
			outputPaths = (
				"$(DERIVED_FILE_DIR)/Pods-YelpApi-DILearningTests-checkManifestLockResult.txt",
			);
			runOnlyForDeploymentPostprocessing = 0;
			shellPath = /bin/sh;
			shellScript = "diff \"${PODS_PODFILE_DIR_PATH}/Podfile.lock\" \"${PODS_ROOT}/Manifest.lock\" > /dev/null\nif [ $? != 0 ] ; then\n    # print error to STDERR\n    echo \"error: The sandbox is not in sync with the Podfile.lock. Run 'pod install' or update your CocoaPods installation.\" >&2\n    exit 1\nfi\n# This output is used by Xcode 'outputs' to avoid re-running this script phase.\necho \"SUCCESS\" > \"${SCRIPT_OUTPUT_FILE_0}\"\n";
			showEnvVarsInLog = 0;
		};
		B497119F4F904D9A072CCA42 /* [CP] Check Pods Manifest.lock */ = {
			isa = PBXShellScriptBuildPhase;
			buildActionMask = 2147483647;
			files = (
			);
			inputFileListPaths = (
			);
			inputPaths = (
				"${PODS_PODFILE_DIR_PATH}/Podfile.lock",
				"${PODS_ROOT}/Manifest.lock",
			);
			name = "[CP] Check Pods Manifest.lock";
			outputFileListPaths = (
			);
			outputPaths = (
				"$(DERIVED_FILE_DIR)/Pods-YelpApi-DILearningUITests-checkManifestLockResult.txt",
			);
			runOnlyForDeploymentPostprocessing = 0;
			shellPath = /bin/sh;
			shellScript = "diff \"${PODS_PODFILE_DIR_PATH}/Podfile.lock\" \"${PODS_ROOT}/Manifest.lock\" > /dev/null\nif [ $? != 0 ] ; then\n    # print error to STDERR\n    echo \"error: The sandbox is not in sync with the Podfile.lock. Run 'pod install' or update your CocoaPods installation.\" >&2\n    exit 1\nfi\n# This output is used by Xcode 'outputs' to avoid re-running this script phase.\necho \"SUCCESS\" > \"${SCRIPT_OUTPUT_FILE_0}\"\n";
			showEnvVarsInLog = 0;
		};
		BBAC85A8DA34E7F5EACCBC07 /* [CP] Check Pods Manifest.lock */ = {
			isa = PBXShellScriptBuildPhase;
			buildActionMask = 2147483647;
			files = (
			);
			inputFileListPaths = (
			);
			inputPaths = (
				"${PODS_PODFILE_DIR_PATH}/Podfile.lock",
				"${PODS_ROOT}/Manifest.lock",
			);
			name = "[CP] Check Pods Manifest.lock";
			outputFileListPaths = (
			);
			outputPaths = (
				"$(DERIVED_FILE_DIR)/Pods-YelpApi-DILearning-checkManifestLockResult.txt",
			);
			runOnlyForDeploymentPostprocessing = 0;
			shellPath = /bin/sh;
			shellScript = "diff \"${PODS_PODFILE_DIR_PATH}/Podfile.lock\" \"${PODS_ROOT}/Manifest.lock\" > /dev/null\nif [ $? != 0 ] ; then\n    # print error to STDERR\n    echo \"error: The sandbox is not in sync with the Podfile.lock. Run 'pod install' or update your CocoaPods installation.\" >&2\n    exit 1\nfi\n# This output is used by Xcode 'outputs' to avoid re-running this script phase.\necho \"SUCCESS\" > \"${SCRIPT_OUTPUT_FILE_0}\"\n";
			showEnvVarsInLog = 0;
		};
		DBB0D08D7EC5EA86949817EE /* [CP] Embed Pods Frameworks */ = {
			isa = PBXShellScriptBuildPhase;
			buildActionMask = 2147483647;
			files = (
			);
			inputFileListPaths = (
			);
			inputPaths = (
				"${PODS_ROOT}/Target Support Files/Pods-YelpApi-DILearning/Pods-YelpApi-DILearning-frameworks.sh",
				"${BUILT_PRODUCTS_DIR}/RxCocoa/RxCocoa.framework",
				"${BUILT_PRODUCTS_DIR}/RxSwift/RxSwift.framework",
				"${BUILT_PRODUCTS_DIR}/SwiftyJSON/SwiftyJSON.framework",
			);
			name = "[CP] Embed Pods Frameworks";
			outputFileListPaths = (
			);
			outputPaths = (
				"${TARGET_BUILD_DIR}/${FRAMEWORKS_FOLDER_PATH}/RxCocoa.framework",
				"${TARGET_BUILD_DIR}/${FRAMEWORKS_FOLDER_PATH}/RxSwift.framework",
				"${TARGET_BUILD_DIR}/${FRAMEWORKS_FOLDER_PATH}/SwiftyJSON.framework",
			);
			runOnlyForDeploymentPostprocessing = 0;
			shellPath = /bin/sh;
			shellScript = "\"${PODS_ROOT}/Target Support Files/Pods-YelpApi-DILearning/Pods-YelpApi-DILearning-frameworks.sh\"\n";
			showEnvVarsInLog = 0;
		};
/* End PBXShellScriptBuildPhase section */

/* Begin PBXSourcesBuildPhase section */
		775E61A022C59DBB00DAAF52 /* Sources */ = {
			isa = PBXSourcesBuildPhase;
			buildActionMask = 2147483647;
			files = (
				77FE837B22C5BE1300A47523 /* Double+ToString.swift in Sources */,
				7782111022C7717200E84540 /* CategoriesGroup.swift in Sources */,
				7782110B22C76E8D00E84540 /* YLPClient+Categories.swift in Sources */,
				77F5262122CD9737000A5549 /* DiskCareTaker.swift in Sources */,
				77958E2A22C6FD8D007CEEE6 /* Int+Conversions.swift in Sources */,
				7782111622C78ADC00E84540 /* CategoriesListCoordinator.swift in Sources */,
				77AC0A9122C84E2D00DB41E6 /* AppCoordinator.swift in Sources */,
				77AC0A8F22C84DD600DB41E6 /* BaseCoordinator.swift in Sources */,
				77202D2F22C8863500870779 /* BusinessDetailsViewModel.swift in Sources */,
				7782110022C75A1300E84540 /* YelpBusinessesGroup.swift in Sources */,
				77202D3122C88A2A00870779 /* BusinessDetailsCoordinator.swift in Sources */,
				77AC0A9322C84F3F00DB41E6 /* StoryboardInitializable.swift in Sources */,
				77202D3622C8BA1B00870779 /* AppObjectFactories.swift in Sources */,
				77F5262522CDA5C9000A5549 /* Business.swift in Sources */,
				77AC0A9922C857A000DB41E6 /* BusinessesListCoordinator.swift in Sources */,
				775E61DF22C5ABB300DAAF52 /* SearchQuery.swift in Sources */,
				775E61DB22C5A6E900DAAF52 /* Result.swift in Sources */,
				775E61D722C59E2F00DAAF52 /* YLPClient.swift in Sources */,
				7782110922C76D1F00E84540 /* CategoriesListViewModel.swift in Sources */,
				775E61D922C5A51700DAAF52 /* YLPClient+Search.swift in Sources */,
				77016D6C22CE54A40084BC5F /* BusinessListViewCell.swift in Sources */,
				77F5262322CDA599000A5549 /* BusinessAdapter.swift in Sources */,
				77AC0A9722C8544200DB41E6 /* BusinessesListViewModel.swift in Sources */,
				7703282022CE426E009F2D03 /* BusinessGroupCareTaker.swift in Sources */,
				77AC0A9522C8541C00DB41E6 /* BusinessesListViewController.swift in Sources */,
				775E61A822C59DBB00DAAF52 /* AppDelegate.swift in Sources */,
				7782110722C76C7100E84540 /* CategoriesListViewController.swift in Sources */,
				7782110522C76B4000E84540 /* BusinessDetailsViewController.swift in Sources */,
			);
			runOnlyForDeploymentPostprocessing = 0;
		};
		775E61B422C59DBD00DAAF52 /* Sources */ = {
			isa = PBXSourcesBuildPhase;
			buildActionMask = 2147483647;
			files = (
				775E61BD22C59DBD00DAAF52 /* YelpApi_DILearningTests.swift in Sources */,
			);
			runOnlyForDeploymentPostprocessing = 0;
		};
		775E61BF22C59DBD00DAAF52 /* Sources */ = {
			isa = PBXSourcesBuildPhase;
			buildActionMask = 2147483647;
			files = (
				775E61C822C59DBD00DAAF52 /* YelpApi_DILearningUITests.swift in Sources */,
			);
			runOnlyForDeploymentPostprocessing = 0;
		};
/* End PBXSourcesBuildPhase section */

/* Begin PBXTargetDependency section */
		775E61BA22C59DBD00DAAF52 /* PBXTargetDependency */ = {
			isa = PBXTargetDependency;
			target = 775E61A322C59DBB00DAAF52 /* YelpApi-DILearning */;
			targetProxy = 775E61B922C59DBD00DAAF52 /* PBXContainerItemProxy */;
		};
		775E61C522C59DBD00DAAF52 /* PBXTargetDependency */ = {
			isa = PBXTargetDependency;
			target = 775E61A322C59DBB00DAAF52 /* YelpApi-DILearning */;
			targetProxy = 775E61C422C59DBD00DAAF52 /* PBXContainerItemProxy */;
		};
/* End PBXTargetDependency section */

/* Begin PBXVariantGroup section */
		775E61B022C59DBD00DAAF52 /* LaunchScreen.storyboard */ = {
			isa = PBXVariantGroup;
			children = (
				775E61B122C59DBD00DAAF52 /* Base */,
			);
			name = LaunchScreen.storyboard;
			sourceTree = "<group>";
		};
/* End PBXVariantGroup section */

/* Begin XCBuildConfiguration section */
		775E61CA22C59DBD00DAAF52 /* Debug */ = {
			isa = XCBuildConfiguration;
			buildSettings = {
				ALWAYS_SEARCH_USER_PATHS = NO;
				CLANG_ANALYZER_NONNULL = YES;
				CLANG_ANALYZER_NUMBER_OBJECT_CONVERSION = YES_AGGRESSIVE;
				CLANG_CXX_LANGUAGE_STANDARD = "gnu++14";
				CLANG_CXX_LIBRARY = "libc++";
				CLANG_ENABLE_MODULES = YES;
				CLANG_ENABLE_OBJC_ARC = YES;
				CLANG_ENABLE_OBJC_WEAK = YES;
				CLANG_WARN_BLOCK_CAPTURE_AUTORELEASING = YES;
				CLANG_WARN_BOOL_CONVERSION = YES;
				CLANG_WARN_COMMA = YES;
				CLANG_WARN_CONSTANT_CONVERSION = YES;
				CLANG_WARN_DEPRECATED_OBJC_IMPLEMENTATIONS = YES;
				CLANG_WARN_DIRECT_OBJC_ISA_USAGE = YES_ERROR;
				CLANG_WARN_DOCUMENTATION_COMMENTS = YES;
				CLANG_WARN_EMPTY_BODY = YES;
				CLANG_WARN_ENUM_CONVERSION = YES;
				CLANG_WARN_INFINITE_RECURSION = YES;
				CLANG_WARN_INT_CONVERSION = YES;
				CLANG_WARN_NON_LITERAL_NULL_CONVERSION = YES;
				CLANG_WARN_OBJC_IMPLICIT_RETAIN_SELF = YES;
				CLANG_WARN_OBJC_LITERAL_CONVERSION = YES;
				CLANG_WARN_OBJC_ROOT_CLASS = YES_ERROR;
				CLANG_WARN_RANGE_LOOP_ANALYSIS = YES;
				CLANG_WARN_STRICT_PROTOTYPES = YES;
				CLANG_WARN_SUSPICIOUS_MOVE = YES;
				CLANG_WARN_UNGUARDED_AVAILABILITY = YES_AGGRESSIVE;
				CLANG_WARN_UNREACHABLE_CODE = YES;
				CLANG_WARN__DUPLICATE_METHOD_MATCH = YES;
				CODE_SIGN_IDENTITY = "iPhone Developer";
				COPY_PHASE_STRIP = NO;
				DEBUG_INFORMATION_FORMAT = dwarf;
				ENABLE_STRICT_OBJC_MSGSEND = YES;
				ENABLE_TESTABILITY = YES;
				GCC_C_LANGUAGE_STANDARD = gnu11;
				GCC_DYNAMIC_NO_PIC = NO;
				GCC_NO_COMMON_BLOCKS = YES;
				GCC_OPTIMIZATION_LEVEL = 0;
				GCC_PREPROCESSOR_DEFINITIONS = (
					"DEBUG=1",
					"$(inherited)",
				);
				GCC_WARN_64_TO_32_BIT_CONVERSION = YES;
				GCC_WARN_ABOUT_RETURN_TYPE = YES_ERROR;
				GCC_WARN_UNDECLARED_SELECTOR = YES;
				GCC_WARN_UNINITIALIZED_AUTOS = YES_AGGRESSIVE;
				GCC_WARN_UNUSED_FUNCTION = YES;
				GCC_WARN_UNUSED_VARIABLE = YES;
				IPHONEOS_DEPLOYMENT_TARGET = 12.1;
				MTL_ENABLE_DEBUG_INFO = INCLUDE_SOURCE;
				MTL_FAST_MATH = YES;
				ONLY_ACTIVE_ARCH = YES;
				SDKROOT = iphoneos;
				SWIFT_ACTIVE_COMPILATION_CONDITIONS = DEBUG;
				SWIFT_OPTIMIZATION_LEVEL = "-Onone";
			};
			name = Debug;
		};
		775E61CB22C59DBD00DAAF52 /* Release */ = {
			isa = XCBuildConfiguration;
			buildSettings = {
				ALWAYS_SEARCH_USER_PATHS = NO;
				CLANG_ANALYZER_NONNULL = YES;
				CLANG_ANALYZER_NUMBER_OBJECT_CONVERSION = YES_AGGRESSIVE;
				CLANG_CXX_LANGUAGE_STANDARD = "gnu++14";
				CLANG_CXX_LIBRARY = "libc++";
				CLANG_ENABLE_MODULES = YES;
				CLANG_ENABLE_OBJC_ARC = YES;
				CLANG_ENABLE_OBJC_WEAK = YES;
				CLANG_WARN_BLOCK_CAPTURE_AUTORELEASING = YES;
				CLANG_WARN_BOOL_CONVERSION = YES;
				CLANG_WARN_COMMA = YES;
				CLANG_WARN_CONSTANT_CONVERSION = YES;
				CLANG_WARN_DEPRECATED_OBJC_IMPLEMENTATIONS = YES;
				CLANG_WARN_DIRECT_OBJC_ISA_USAGE = YES_ERROR;
				CLANG_WARN_DOCUMENTATION_COMMENTS = YES;
				CLANG_WARN_EMPTY_BODY = YES;
				CLANG_WARN_ENUM_CONVERSION = YES;
				CLANG_WARN_INFINITE_RECURSION = YES;
				CLANG_WARN_INT_CONVERSION = YES;
				CLANG_WARN_NON_LITERAL_NULL_CONVERSION = YES;
				CLANG_WARN_OBJC_IMPLICIT_RETAIN_SELF = YES;
				CLANG_WARN_OBJC_LITERAL_CONVERSION = YES;
				CLANG_WARN_OBJC_ROOT_CLASS = YES_ERROR;
				CLANG_WARN_RANGE_LOOP_ANALYSIS = YES;
				CLANG_WARN_STRICT_PROTOTYPES = YES;
				CLANG_WARN_SUSPICIOUS_MOVE = YES;
				CLANG_WARN_UNGUARDED_AVAILABILITY = YES_AGGRESSIVE;
				CLANG_WARN_UNREACHABLE_CODE = YES;
				CLANG_WARN__DUPLICATE_METHOD_MATCH = YES;
				CODE_SIGN_IDENTITY = "iPhone Developer";
				COPY_PHASE_STRIP = NO;
				DEBUG_INFORMATION_FORMAT = "dwarf-with-dsym";
				ENABLE_NS_ASSERTIONS = NO;
				ENABLE_STRICT_OBJC_MSGSEND = YES;
				GCC_C_LANGUAGE_STANDARD = gnu11;
				GCC_NO_COMMON_BLOCKS = YES;
				GCC_WARN_64_TO_32_BIT_CONVERSION = YES;
				GCC_WARN_ABOUT_RETURN_TYPE = YES_ERROR;
				GCC_WARN_UNDECLARED_SELECTOR = YES;
				GCC_WARN_UNINITIALIZED_AUTOS = YES_AGGRESSIVE;
				GCC_WARN_UNUSED_FUNCTION = YES;
				GCC_WARN_UNUSED_VARIABLE = YES;
				IPHONEOS_DEPLOYMENT_TARGET = 12.1;
				MTL_ENABLE_DEBUG_INFO = NO;
				MTL_FAST_MATH = YES;
				SDKROOT = iphoneos;
				SWIFT_COMPILATION_MODE = wholemodule;
				SWIFT_OPTIMIZATION_LEVEL = "-O";
				VALIDATE_PRODUCT = YES;
			};
			name = Release;
		};
		775E61CD22C59DBD00DAAF52 /* Debug */ = {
			isa = XCBuildConfiguration;
			baseConfigurationReference = 29A9E6048735802EB2102BD3 /* Pods-YelpApi-DILearning.debug.xcconfig */;
			buildSettings = {
				ASSETCATALOG_COMPILER_APPICON_NAME = AppIcon;
				CODE_SIGN_STYLE = Automatic;
				INFOPLIST_FILE = "YelpApi-DILearning/Info.plist";
				LD_RUNPATH_SEARCH_PATHS = (
					"$(inherited)",
					"@executable_path/Frameworks",
				);
				PRODUCT_BUNDLE_IDENTIFIER = "g.YelpApi-DILearning";
				PRODUCT_NAME = "$(TARGET_NAME)";
				SWIFT_VERSION = 4.2;
				TARGETED_DEVICE_FAMILY = "1,2";
			};
			name = Debug;
		};
		775E61CE22C59DBD00DAAF52 /* Release */ = {
			isa = XCBuildConfiguration;
			baseConfigurationReference = 182DF74370FE5EE57B523E35 /* Pods-YelpApi-DILearning.release.xcconfig */;
			buildSettings = {
				ASSETCATALOG_COMPILER_APPICON_NAME = AppIcon;
				CODE_SIGN_STYLE = Automatic;
				INFOPLIST_FILE = "YelpApi-DILearning/Info.plist";
				LD_RUNPATH_SEARCH_PATHS = (
					"$(inherited)",
					"@executable_path/Frameworks",
				);
				PRODUCT_BUNDLE_IDENTIFIER = "g.YelpApi-DILearning";
				PRODUCT_NAME = "$(TARGET_NAME)";
				SWIFT_VERSION = 4.2;
				TARGETED_DEVICE_FAMILY = "1,2";
			};
			name = Release;
		};
		775E61D022C59DBD00DAAF52 /* Debug */ = {
			isa = XCBuildConfiguration;
			baseConfigurationReference = 7395DC872FAF49C7B36D1A4D /* Pods-YelpApi-DILearningTests.debug.xcconfig */;
			buildSettings = {
				ALWAYS_EMBED_SWIFT_STANDARD_LIBRARIES = YES;
				BUNDLE_LOADER = "$(TEST_HOST)";
				CODE_SIGN_STYLE = Automatic;
				INFOPLIST_FILE = "YelpApi-DILearningTests/Info.plist";
				LD_RUNPATH_SEARCH_PATHS = (
					"$(inherited)",
					"@executable_path/Frameworks",
					"@loader_path/Frameworks",
				);
				PRODUCT_BUNDLE_IDENTIFIER = "g.YelpApi-DILearningTests";
				PRODUCT_NAME = "$(TARGET_NAME)";
				SWIFT_VERSION = 4.2;
				TARGETED_DEVICE_FAMILY = "1,2";
				TEST_HOST = "$(BUILT_PRODUCTS_DIR)/YelpApi-DILearning.app/YelpApi-DILearning";
			};
			name = Debug;
		};
		775E61D122C59DBD00DAAF52 /* Release */ = {
			isa = XCBuildConfiguration;
			baseConfigurationReference = 5E04D817FC283CD3926C4913 /* Pods-YelpApi-DILearningTests.release.xcconfig */;
			buildSettings = {
				ALWAYS_EMBED_SWIFT_STANDARD_LIBRARIES = YES;
				BUNDLE_LOADER = "$(TEST_HOST)";
				CODE_SIGN_STYLE = Automatic;
				INFOPLIST_FILE = "YelpApi-DILearningTests/Info.plist";
				LD_RUNPATH_SEARCH_PATHS = (
					"$(inherited)",
					"@executable_path/Frameworks",
					"@loader_path/Frameworks",
				);
				PRODUCT_BUNDLE_IDENTIFIER = "g.YelpApi-DILearningTests";
				PRODUCT_NAME = "$(TARGET_NAME)";
				SWIFT_VERSION = 4.2;
				TARGETED_DEVICE_FAMILY = "1,2";
				TEST_HOST = "$(BUILT_PRODUCTS_DIR)/YelpApi-DILearning.app/YelpApi-DILearning";
			};
			name = Release;
		};
		775E61D322C59DBD00DAAF52 /* Debug */ = {
			isa = XCBuildConfiguration;
			baseConfigurationReference = E38320329351AA10E43D8ACD /* Pods-YelpApi-DILearningUITests.debug.xcconfig */;
			buildSettings = {
				ALWAYS_EMBED_SWIFT_STANDARD_LIBRARIES = YES;
				CODE_SIGN_STYLE = Automatic;
				INFOPLIST_FILE = "YelpApi-DILearningUITests/Info.plist";
				LD_RUNPATH_SEARCH_PATHS = (
					"$(inherited)",
					"@executable_path/Frameworks",
					"@loader_path/Frameworks",
				);
				PRODUCT_BUNDLE_IDENTIFIER = "g.YelpApi-DILearningUITests";
				PRODUCT_NAME = "$(TARGET_NAME)";
				SWIFT_VERSION = 4.2;
				TARGETED_DEVICE_FAMILY = "1,2";
				TEST_TARGET_NAME = "YelpApi-DILearning";
			};
			name = Debug;
		};
		775E61D422C59DBD00DAAF52 /* Release */ = {
			isa = XCBuildConfiguration;
			baseConfigurationReference = 3AC2CC26D60BDF67C1651E02 /* Pods-YelpApi-DILearningUITests.release.xcconfig */;
			buildSettings = {
				ALWAYS_EMBED_SWIFT_STANDARD_LIBRARIES = YES;
				CODE_SIGN_STYLE = Automatic;
				INFOPLIST_FILE = "YelpApi-DILearningUITests/Info.plist";
				LD_RUNPATH_SEARCH_PATHS = (
					"$(inherited)",
					"@executable_path/Frameworks",
					"@loader_path/Frameworks",
				);
				PRODUCT_BUNDLE_IDENTIFIER = "g.YelpApi-DILearningUITests";
				PRODUCT_NAME = "$(TARGET_NAME)";
				SWIFT_VERSION = 4.2;
				TARGETED_DEVICE_FAMILY = "1,2";
				TEST_TARGET_NAME = "YelpApi-DILearning";
			};
			name = Release;
		};
/* End XCBuildConfiguration section */

/* Begin XCConfigurationList section */
		775E619F22C59DBB00DAAF52 /* Build configuration list for PBXProject "YelpApi-DILearning" */ = {
			isa = XCConfigurationList;
			buildConfigurations = (
				775E61CA22C59DBD00DAAF52 /* Debug */,
				775E61CB22C59DBD00DAAF52 /* Release */,
			);
			defaultConfigurationIsVisible = 0;
			defaultConfigurationName = Release;
		};
		775E61CC22C59DBD00DAAF52 /* Build configuration list for PBXNativeTarget "YelpApi-DILearning" */ = {
			isa = XCConfigurationList;
			buildConfigurations = (
				775E61CD22C59DBD00DAAF52 /* Debug */,
				775E61CE22C59DBD00DAAF52 /* Release */,
			);
			defaultConfigurationIsVisible = 0;
			defaultConfigurationName = Release;
		};
		775E61CF22C59DBD00DAAF52 /* Build configuration list for PBXNativeTarget "YelpApi-DILearningTests" */ = {
			isa = XCConfigurationList;
			buildConfigurations = (
				775E61D022C59DBD00DAAF52 /* Debug */,
				775E61D122C59DBD00DAAF52 /* Release */,
			);
			defaultConfigurationIsVisible = 0;
			defaultConfigurationName = Release;
		};
		775E61D222C59DBD00DAAF52 /* Build configuration list for PBXNativeTarget "YelpApi-DILearningUITests" */ = {
			isa = XCConfigurationList;
			buildConfigurations = (
				775E61D322C59DBD00DAAF52 /* Debug */,
				775E61D422C59DBD00DAAF52 /* Release */,
			);
			defaultConfigurationIsVisible = 0;
			defaultConfigurationName = Release;
		};
/* End XCConfigurationList section */
	};
	rootObject = 775E619C22C59DBB00DAAF52 /* Project object */;
}
